# THIS IS AN AUTOGENERATED FILE. DO NOT EDIT THIS FILE DIRECTLY.
# yarn lockfile v1


dragscroll@^0.0.8:
  version "0.0.8"
  resolved "https://registry.yarnpkg.com/dragscroll/-/dragscroll-0.0.8.tgz#de4771e5f3a14d77b583ecef5d38bd9618f27563"

jquery@^3.3.1:
  version "3.3.1"
  resolved "https://registry.yarnpkg.com/jquery/-/jquery-3.3.1.tgz#958ce29e81c9790f31be7792df5d4d95fc57fbca"

"treantjs@https://github.com/fperucic/treant-js.git":
  version "1.0.0"
  resolved "https://github.com/fperucic/treant-js.git#a5f95627baa265a891858678de47dff180848613"
